
Microsoft Visual Studio Solution File, Format Version 12.00
# Visual Studio 14
VisualStudioVersion = 14.0.23107.0
MinimumVisualStudioVersion = 10.0.40219.1
Project("{FAE04EC0-301F-11D3-BF4B-00C04F79EFBC}") = "WebApi", "WebApi\WebApi.csproj", "{F301CBF0-0EC4-44CB-B380-935251522AF6}"
EndProject
Project("{FAE04EC0-301F-11D3-BF4B-00C04F79EFBC}") = "WebApi.Tests", "WebApi.Tests\WebApi.Tests.csproj", "{FDF03863-5144-4E71-846C-9C1571C2080C}"
EndProject
Project("{FAE04EC0-301F-11D3-BF4B-00C04F79EFBC}") = "Logic", "Logic\Logic.csproj", "{43F7E058-78F2-461A-8B27-B9A5817AAE40}"
EndProject
Global
	GlobalSection(SolutionConfigurationPlatforms) = preSolution
		Debug|Any CPU = Debug|Any CPU
		Release|Any CPU = Release|Any CPU
	EndGlobalSection
	GlobalSection(ProjectConfigurationPlatforms) = postSolution
		{F301CBF0-0EC4-44CB-B380-935251522AF6}.Debug|Any CPU.ActiveCfg = Debug|Any CPU
		{F301CBF0-0EC4-44CB-B380-935251522AF6}.Debug|Any CPU.Build.0 = Debug|Any CPU
		{F301CBF0-0EC4-44CB-B380-935251522AF6}.Release|Any CPU.ActiveCfg = Release|Any CPU
		{F301CBF0-0EC4-44CB-B380-935251522AF6}.Release|Any CPU.Build.0 = Release|Any CPU
		{FDF03863-5144-4E71-846C-9C1571C2080C}.Debug|Any CPU.ActiveCfg = Debug|Any CPU
		{FDF03863-5144-4E71-846C-9C1571C2080C}.Debug|Any CPU.Build.0 = Debug|Any CPU
		{FDF03863-5144-4E71-846C-9C1571C2080C}.Release|Any CPU.ActiveCfg = Release|Any CPU
		{FDF03863-5144-4E71-846C-9C1571C2080C}.Release|Any CPU.Build.0 = Release|Any CPU
		{43F7E058-78F2-461A-8B27-B9A5817AAE40}.Debug|Any CPU.ActiveCfg = Debug|Any CPU
		{43F7E058-78F2-461A-8B27-B9A5817AAE40}.Debug|Any CPU.Build.0 = Debug|Any CPU
		{43F7E058-78F2-461A-8B27-B9A5817AAE40}.Release|Any CPU.ActiveCfg = Release|Any CPU
		{43F7E058-78F2-461A-8B27-B9A5817AAE40}.Release|Any CPU.Build.0 = Release|Any CPU
	EndGlobalSection
	GlobalSection(SolutionProperties) = preSolution
		HideSolutionNode = FALSE
	EndGlobalSection
EndGlobal
